// !$*UTF8*$!
{
	archiveVersion = 1;
	classes = {
	};
	objectVersion = 46;
	objects = {

/* Begin PBXBuildFile section */
		5C4FBE2D1E231EFD00A15AEE /* AppDelegate.swift in Sources */ = {isa = PBXBuildFile; fileRef = 5C4FBE2C1E231EFD00A15AEE /* AppDelegate.swift */; };
		5C4FBE341E231EFD00A15AEE /* Assets.xcassets in Resources */ = {isa = PBXBuildFile; fileRef = 5C4FBE331E231EFD00A15AEE /* Assets.xcassets */; };
		5C4FBE371E231EFD00A15AEE /* LaunchScreen.storyboard in Resources */ = {isa = PBXBuildFile; fileRef = 5C4FBE351E231EFD00A15AEE /* LaunchScreen.storyboard */; };
		5C4FBE3F1E2321B000A15AEE /* HomeViewController.swift in Sources */ = {isa = PBXBuildFile; fileRef = 5C4FBE3E1E2321B000A15AEE /* HomeViewController.swift */; };
		5C50D1F41E2664E40025F0D6 /* HomeResponse.swift in Sources */ = {isa = PBXBuildFile; fileRef = 5C50D1F31E2664E40025F0D6 /* HomeResponse.swift */; };
		5C50D1F61E266BB00025F0D6 /* HomeApiService.swift in Sources */ = {isa = PBXBuildFile; fileRef = 5C50D1F51E266BB00025F0D6 /* HomeApiService.swift */; };
		5CF517E21E24767400FE7156 /* MainFooter.swift in Sources */ = {isa = PBXBuildFile; fileRef = 5CF517E11E24767400FE7156 /* MainFooter.swift */; };
/* End PBXBuildFile section */

/* Begin PBXFileReference section */
		5C4FBE291E231EFD00A15AEE /* SMS.app */ = {isa = PBXFileReference; explicitFileType = wrapper.application; includeInIndex = 0; path = SMS.app; sourceTree = BUILT_PRODUCTS_DIR; };
		5C4FBE2C1E231EFD00A15AEE /* AppDelegate.swift */ = {isa = PBXFileReference; lastKnownFileType = sourcecode.swift; path = AppDelegate.swift; sourceTree = "<group>"; };
		5C4FBE331E231EFD00A15AEE /* Assets.xcassets */ = {isa = PBXFileReference; lastKnownFileType = folder.assetcatalog; path = Assets.xcassets; sourceTree = "<group>"; };
		5C4FBE361E231EFD00A15AEE /* Base */ = {isa = PBXFileReference; lastKnownFileType = file.storyboard; name = Base; path = Base.lproj/LaunchScreen.storyboard; sourceTree = "<group>"; };
		5C4FBE381E231EFD00A15AEE /* Info.plist */ = {isa = PBXFileReference; lastKnownFileType = text.plist.xml; path = Info.plist; sourceTree = "<group>"; };
		5C4FBE3E1E2321B000A15AEE /* HomeViewController.swift */ = {isa = PBXFileReference; fileEncoding = 4; lastKnownFileType = sourcecode.swift; path = HomeViewController.swift; sourceTree = "<group>"; };
		5C50D1F31E2664E40025F0D6 /* HomeResponse.swift */ = {isa = PBXFileReference; fileEncoding = 4; lastKnownFileType = sourcecode.swift; path = HomeResponse.swift; sourceTree = "<group>"; };
		5C50D1F51E266BB00025F0D6 /* HomeApiService.swift */ = {isa = PBXFileReference; fileEncoding = 4; lastKnownFileType = sourcecode.swift; path = HomeApiService.swift; sourceTree = "<group>"; };
		5CF517E11E24767400FE7156 /* MainFooter.swift */ = {isa = PBXFileReference; fileEncoding = 4; lastKnownFileType = sourcecode.swift; path = MainFooter.swift; sourceTree = "<group>"; };
/* End PBXFileReference section */

/* Begin PBXFrameworksBuildPhase section */
		5C4FBE261E231EFD00A15AEE /* Frameworks */ = {
			isa = PBXFrameworksBuildPhase;
			buildActionMask = 2147483647;
			files = (
			);
			runOnlyForDeploymentPostprocessing = 0;
		};
/* End PBXFrameworksBuildPhase section */

/* Begin PBXGroup section */
		5C4FBE201E231EFD00A15AEE = {
			isa = PBXGroup;
			children = (
				5C4FBE2B1E231EFD00A15AEE /* SMS */,
				5C4FBE2A1E231EFD00A15AEE /* Products */,
			);
			sourceTree = "<group>";
		};
		5C4FBE2A1E231EFD00A15AEE /* Products */ = {
			isa = PBXGroup;
			children = (
				5C4FBE291E231EFD00A15AEE /* SMS.app */,
			);
			name = Products;
			sourceTree = "<group>";
		};
		5C4FBE2B1E231EFD00A15AEE /* SMS */ = {
			isa = PBXGroup;
			children = (
				5C4FBE411E2326B700A15AEE /* application */,
				5C50D1F11E2664680025F0D6 /* presenters */,
				5C50D1F01E2664600025F0D6 /* services */,
				5C50D1F21E2664A00025F0D6 /* models */,
				5C4FBE401E2321B900A15AEE /* views */,
			);
			path = SMS;
			sourceTree = "<group>";
		};
		5C4FBE401E2321B900A15AEE /* views */ = {
			isa = PBXGroup;
			children = (
				5C50D1F71E266D110025F0D6 /* viewController */,
				5CF517E31E24767A00FE7156 /* viewHelper */,
				5C4FBE421E2326C800A15AEE /* asset */,
			);
			name = views;
			sourceTree = "<group>";
		};
		5C4FBE411E2326B700A15AEE /* application */ = {
			isa = PBXGroup;
			children = (
				5C4FBE2C1E231EFD00A15AEE /* AppDelegate.swift */,
			);
			name = application;
			sourceTree = "<group>";
		};
		5C4FBE421E2326C800A15AEE /* asset */ = {
			isa = PBXGroup;
			children = (
				5C4FBE331E231EFD00A15AEE /* Assets.xcassets */,
				5C4FBE351E231EFD00A15AEE /* LaunchScreen.storyboard */,
				5C4FBE381E231EFD00A15AEE /* Info.plist */,
			);
			name = asset;
			sourceTree = "<group>";
		};
		5C50D1F01E2664600025F0D6 /* services */ = {
			isa = PBXGroup;
			children = (
				5C50D1F51E266BB00025F0D6 /* HomeApiService.swift */,
			);
			name = services;
			sourceTree = "<group>";
		};
		5C50D1F11E2664680025F0D6 /* presenters */ = {
			isa = PBXGroup;
			children = (
			);
			name = presenters;
			sourceTree = "<group>";
		};
		5C50D1F21E2664A00025F0D6 /* models */ = {
			isa = PBXGroup;
			children = (
				5C50D1F31E2664E40025F0D6 /* HomeResponse.swift */,
			);
			name = models;
			sourceTree = "<group>";
		};
		5C50D1F71E266D110025F0D6 /* viewController */ = {
			isa = PBXGroup;
			children = (
				5C4FBE3E1E2321B000A15AEE /* HomeViewController.swift */,
			);
			name = viewController;
			sourceTree = "<group>";
		};
		5CF517E31E24767A00FE7156 /* viewHelper */ = {
			isa = PBXGroup;
			children = (
				5CF517E11E24767400FE7156 /* MainFooter.swift */,
			);
			name = viewHelper;
			sourceTree = "<group>";
		};
/* End PBXGroup section */

/* Begin PBXNativeTarget section */
		5C4FBE281E231EFD00A15AEE /* SMS */ = {
			isa = PBXNativeTarget;
			buildConfigurationList = 5C4FBE3B1E231EFD00A15AEE /* Build configuration list for PBXNativeTarget "SMS" */;
			buildPhases = (
				5C4FBE251E231EFD00A15AEE /* Sources */,
				5C4FBE261E231EFD00A15AEE /* Frameworks */,
				5C4FBE271E231EFD00A15AEE /* Resources */,
			);
			buildRules = (
			);
			dependencies = (
			);
			name = SMS;
			productName = SMS;
			productReference = 5C4FBE291E231EFD00A15AEE /* SMS.app */;
			productType = "com.apple.product-type.application";
		};
/* End PBXNativeTarget section */

/* Begin PBXProject section */
		5C4FBE211E231EFD00A15AEE /* Project object */ = {
			isa = PBXProject;
			attributes = {
				LastSwiftUpdateCheck = 0820;
				LastUpgradeCheck = 0820;
				ORGANIZATIONNAME = SSd;
				TargetAttributes = {
					5C4FBE281E231EFD00A15AEE = {
						CreatedOnToolsVersion = 8.2.1;
						DevelopmentTeam = 89TP3C25P2;
						ProvisioningStyle = Automatic;
					};
				};
			};
			buildConfigurationList = 5C4FBE241E231EFD00A15AEE /* Build configuration list for PBXProject "SMS" */;
			compatibilityVersion = "Xcode 3.2";
			developmentRegion = English;
			hasScannedForEncodings = 0;
			knownRegions = (
				en,
				Base,
			);
			mainGroup = 5C4FBE201E231EFD00A15AEE;
			productRefGroup = 5C4FBE2A1E231EFD00A15AEE /* Products */;
			projectDirPath = "";
			projectRoot = "";
			targets = (
				5C4FBE281E231EFD00A15AEE /* SMS */,
			);
		};
/* End PBXProject section */

/* Begin PBXResourcesBuildPhase section */
		5C4FBE271E231EFD00A15AEE /* Resources */ = {
			isa = PBXResourcesBuildPhase;
			buildActionMask = 2147483647;
			files = (
				5C4FBE371E231EFD00A15AEE /* LaunchScreen.storyboard in Resources */,
				5C4FBE341E231EFD00A15AEE /* Assets.xcassets in Resources */,
			);
			runOnlyForDeploymentPostprocessing = 0;
		};
/* End PBXResourcesBuildPhase section */

/* Begin PBXSourcesBuildPhase section */
		5C4FBE251E231EFD00A15AEE /* Sources */ = {
			isa = PBXSourcesBuildPhase;
			buildActionMask = 2147483647;
			files = (
				5C50D1F41E2664E40025F0D6 /* HomeResponse.swift in Sources */,
				5C4FBE2D1E231EFD00A15AEE /* AppDelegate.swift in Sources */,
				5C50D1F61E266BB00025F0D6 /* HomeApiService.swift in Sources */,
				5C4FBE3F1E2321B000A15AEE /* HomeViewController.swift in Sources */,
				5CF517E21E24767400FE7156 /* MainFooter.swift in Sources */,
			);
			runOnlyForDeploymentPostprocessing = 0;
		};
/* End PBXSourcesBuildPhase section */

/* Begin PBXVariantGroup section */
		5C4FBE351E231EFD00A15AEE /* LaunchScreen.storyboard */ = {
			isa = PBXVariantGroup;
			children = (
				5C4FBE361E231EFD00A15AEE /* Base */,
			);
			name = LaunchScreen.storyboard;
			sourceTree = "<group>";
		};
/* End PBXVariantGroup section */

/* Begin XCBuildConfiguration section */
		5C4FBE391E231EFD00A15AEE /* Debug */ = {
			isa = XCBuildConfiguration;
			buildSettings = {
				ALWAYS_SEARCH_USER_PATHS = NO;
				CLANG_ANALYZER_NONNULL = YES;
				CLANG_CXX_LANGUAGE_STANDARD = "gnu++0x";
				CLANG_CXX_LIBRARY = "libc++";
				CLANG_ENABLE_MODULES = YES;
				CLANG_ENABLE_OBJC_ARC = YES;
				CLANG_WARN_BOOL_CONVERSION = YES;
				CLANG_WARN_CONSTANT_CONVERSION = YES;
				CLANG_WARN_DIRECT_OBJC_ISA_USAGE = YES_ERROR;
				CLANG_WARN_DOCUMENTATION_COMMENTS = YES;
				CLANG_WARN_EMPTY_BODY = YES;
				CLANG_WARN_ENUM_CONVERSION = YES;
				CLANG_WARN_INFINITE_RECURSION = YES;
				CLANG_WARN_INT_CONVERSION = YES;
				CLANG_WARN_OBJC_ROOT_CLASS = YES_ERROR;
				CLANG_WARN_SUSPICIOUS_MOVE = YES;
				CLANG_WARN_UNREACHABLE_CODE = YES;
				CLANG_WARN__DUPLICATE_METHOD_MATCH = YES;
				"CODE_SIGN_IDENTITY[sdk=iphoneos*]" = "iPhone Developer";
				COPY_PHASE_STRIP = NO;
				DEBUG_INFORMATION_FORMAT = dwarf;
				ENABLE_STRICT_OBJC_MSGSEND = YES;
				ENABLE_TESTABILITY = YES;
				GCC_C_LANGUAGE_STANDARD = gnu99;
				GCC_DYNAMIC_NO_PIC = NO;
				GCC_NO_COMMON_BLOCKS = YES;
				GCC_OPTIMIZATION_LEVEL = 0;
				GCC_PREPROCESSOR_DEFINITIONS = (
					"DEBUG=1",
					"$(inherited)",
				);
				GCC_WARN_64_TO_32_BIT_CONVERSION = YES;
				GCC_WARN_ABOUT_RETURN_TYPE = YES_ERROR;
				GCC_WARN_UNDECLARED_SELECTOR = YES;
				GCC_WARN_UNINITIALIZED_AUTOS = YES_AGGRESSIVE;
				GCC_WARN_UNUSED_FUNCTION = YES;
				GCC_WARN_UNUSED_VARIABLE = YES;
				IPHONEOS_DEPLOYMENT_TARGET = 10.2;
				MTL_ENABLE_DEBUG_INFO = YES;
				ONLY_ACTIVE_ARCH = YES;
				SDKROOT = iphoneos;
				SWIFT_ACTIVE_COMPILATION_CONDITIONS = DEBUG;
				SWIFT_OPTIMIZATION_LEVEL = "-Onone";
			};
			name = Debug;
		};
		5C4FBE3A1E231EFD00A15AEE /* Release */ = {
			isa = XCBuildConfiguration;
			buildSettings = {
				ALWAYS_SEARCH_USER_PATHS = NO;
				CLANG_ANALYZER_NONNULL = YES;
				CLANG_CXX_LANGUAGE_STANDARD = "gnu++0x";
				CLANG_CXX_LIBRARY = "libc++";
				CLANG_ENABLE_MODULES = YES;
				CLANG_ENABLE_OBJC_ARC = YES;
				CLANG_WARN_BOOL_CONVERSION = YES;
				CLANG_WARN_CONSTANT_CONVERSION = YES;
				CLANG_WARN_DIRECT_OBJC_ISA_USAGE = YES_ERROR;
				CLANG_WARN_DOCUMENTATION_COMMENTS = YES;
				CLANG_WARN_EMPTY_BODY = YES;
				CLANG_WARN_ENUM_CONVERSION = YES;
				CLANG_WARN_INFINITE_RECURSION = YES;
				CLANG_WARN_INT_CONVERSION = YES;
				CLANG_WARN_OBJC_ROOT_CLASS = YES_ERROR;
				CLANG_WARN_SUSPICIOUS_MOVE = YES;
				CLANG_WARN_UNREACHABLE_CODE = YES;
				CLANG_WARN__DUPLICATE_METHOD_MATCH = YES;
				"CODE_SIGN_IDENTITY[sdk=iphoneos*]" = "iPhone Developer";
				COPY_PHASE_STRIP = NO;
				DEBUG_INFORMATION_FORMAT = "dwarf-with-dsym";
				ENABLE_NS_ASSERTIONS = NO;
				ENABLE_STRICT_OBJC_MSGSEND = YES;
				GCC_C_LANGUAGE_STANDARD = gnu99;
				GCC_NO_COMMON_BLOCKS = YES;
				GCC_WARN_64_TO_32_BIT_CONVERSION = YES;
				GCC_WARN_ABOUT_RETURN_TYPE = YES_ERROR;
				GCC_WARN_UNDECLARED_SELECTOR = YES;
				GCC_WARN_UNINITIALIZED_AUTOS = YES_AGGRESSIVE;
				GCC_WARN_UNUSED_FUNCTION = YES;
				GCC_WARN_UNUSED_VARIABLE = YES;
				IPHONEOS_DEPLOYMENT_TARGET = 10.2;
				MTL_ENABLE_DEBUG_INFO = NO;
				SDKROOT = iphoneos;
				SWIFT_OPTIMIZATION_LEVEL = "-Owholemodule";
				VALIDATE_PRODUCT = YES;
			};
			name = Release;
		};
		5C4FBE3C1E231EFD00A15AEE /* Debug */ = {
			isa = XCBuildConfiguration;
			buildSettings = {
				ASSETCATALOG_COMPILER_APPICON_NAME = AppIcon;
				DEVELOPMENT_TEAM = 89TP3C25P2;
				INFOPLIST_FILE = SMS/Info.plist;
				IPHONEOS_DEPLOYMENT_TARGET = 9.0;
				LD_RUNPATH_SEARCH_PATHS = "$(inherited) @executable_path/Frameworks";
				PRODUCT_BUNDLE_IDENTIFIER = sip.SMS;
				PRODUCT_NAME = "$(TARGET_NAME)";
				SWIFT_VERSION = 3.0;
			};
			name = Debug;
		};
		5C4FBE3D1E231EFD00A15AEE /* Release */ = {
			isa = XCBuildConfiguration;
			buildSettings = {
				ASSETCATALOG_COMPILER_APPICON_NAME = AppIcon;
				DEVELOPMENT_TEAM = 89TP3C25P2;
				INFOPLIST_FILE = SMS/Info.plist;
				IPHONEOS_DEPLOYMENT_TARGET = 9.0;
				LD_RUNPATH_SEARCH_PATHS = "$(inherited) @executable_path/Frameworks";
				PRODUCT_BUNDLE_IDENTIFIER = sip.SMS;
				PRODUCT_NAME = "$(TARGET_NAME)";
				SWIFT_VERSION = 3.0;
			};
			name = Release;
		};
/* End XCBuildConfiguration section */

/* Begin XCConfigurationList section */
		5C4FBE241E231EFD00A15AEE /* Build configuration list for PBXProject "SMS" */ = {
			isa = XCConfigurationList;
			buildConfigurations = (
				5C4FBE391E231EFD00A15AEE /* Debug */,
				5C4FBE3A1E231EFD00A15AEE /* Release */,
			);
			defaultConfigurationIsVisible = 0;
			defaultConfigurationName = Release;
		};
		5C4FBE3B1E231EFD00A15AEE /* Build configuration list for PBXNativeTarget "SMS" */ = {
			isa = XCConfigurationList;
			buildConfigurations = (
				5C4FBE3C1E231EFD00A15AEE /* Debug */,
				5C4FBE3D1E231EFD00A15AEE /* Release */,
			);
			defaultConfigurationIsVisible = 0;
			defaultConfigurationName = Release;
		};
/* End XCConfigurationList section */
	};
	rootObject = 5C4FBE211E231EFD00A15AEE /* Project object */;
}
